// !$*UTF8*$!
{
	archiveVersion = 1;
	classes = {
	};
	objectVersion = 50;
	objects = {

/* Begin PBXBuildFile section */
		042E8DC92691AF4F001B9B45 /* ImageManager.swift in Sources */ = {isa = PBXBuildFile; fileRef = 042E8DC82691AF4F001B9B45 /* ImageManager.swift */; };
		043AA9CB268CE48400F29761 /* Alamofire.framework in Frameworks */ = {isa = PBXBuildFile; fileRef = 043AA9CA268CE48400F29761 /* Alamofire.framework */; };
		043AA9CC268CE48400F29761 /* Alamofire.framework in Embed Frameworks */ = {isa = PBXBuildFile; fileRef = 043AA9CA268CE48400F29761 /* Alamofire.framework */; settings = {ATTRIBUTES = (CodeSignOnCopy, RemoveHeadersOnCopy, ); }; };
		0473FEAB268AD7F400A8D652 /* NetworkingTests.swift in Sources */ = {isa = PBXBuildFile; fileRef = 0473FEAA268AD7F400A8D652 /* NetworkingTests.swift */; };
		04B8B26126886FB400A4ACBF /* AppDelegate.swift in Sources */ = {isa = PBXBuildFile; fileRef = 04B8B26026886FB400A4ACBF /* AppDelegate.swift */; };
		04B8B26326886FB400A4ACBF /* SceneDelegate.swift in Sources */ = {isa = PBXBuildFile; fileRef = 04B8B26226886FB400A4ACBF /* SceneDelegate.swift */; };
		04B8B26526886FB400A4ACBF /* FoodTimeViewController.swift in Sources */ = {isa = PBXBuildFile; fileRef = 04B8B26426886FB400A4ACBF /* FoodTimeViewController.swift */; };
		04B8B26826886FB400A4ACBF /* Main.storyboard in Resources */ = {isa = PBXBuildFile; fileRef = 04B8B26626886FB400A4ACBF /* Main.storyboard */; };
		04B8B26A26886FB800A4ACBF /* Assets.xcassets in Resources */ = {isa = PBXBuildFile; fileRef = 04B8B26926886FB800A4ACBF /* Assets.xcassets */; };
		04B8B26D26886FB800A4ACBF /* LaunchScreen.storyboard in Resources */ = {isa = PBXBuildFile; fileRef = 04B8B26B26886FB800A4ACBF /* LaunchScreen.storyboard */; };
		04B8B2752688760F00A4ACBF /* FoodCell.swift in Sources */ = {isa = PBXBuildFile; fileRef = 04B8B2742688760F00A4ACBF /* FoodCell.swift */; };
		04B8B27726887AE800A4ACBF /* FoodModel.swift in Sources */ = {isa = PBXBuildFile; fileRef = 04B8B27626887AE800A4ACBF /* FoodModel.swift */; };
		04B8B27B2688886800A4ACBF /* RecipeCell.swift in Sources */ = {isa = PBXBuildFile; fileRef = 04B8B27A2688886800A4ACBF /* RecipeCell.swift */; };
		04B8B27D268888CD00A4ACBF /* RecipeCollectionViewController.swift in Sources */ = {isa = PBXBuildFile; fileRef = 04B8B27C268888CD00A4ACBF /* RecipeCollectionViewController.swift */; };
		04B8B27F26888B8600A4ACBF /* NetworkingManager.swift in Sources */ = {isa = PBXBuildFile; fileRef = 04B8B27E26888B8600A4ACBF /* NetworkingManager.swift */; };
		04CF101F268B387200CE738F /* IngredientTableViewController.swift in Sources */ = {isa = PBXBuildFile; fileRef = 04CF101E268B387200CE738F /* IngredientTableViewController.swift */; };
		04CF1021268B389200CE738F /* IngredientCell.swift in Sources */ = {isa = PBXBuildFile; fileRef = 04CF1020268B389200CE738F /* IngredientCell.swift */; };
		04EAE7692688D21A00A75065 /* FoodTimeModel.swift in Sources */ = {isa = PBXBuildFile; fileRef = 04EAE7682688D21A00A75065 /* FoodTimeModel.swift */; };
/* End PBXBuildFile section */

/* Begin PBXContainerItemProxy section */
		0473FEAD268AD7F400A8D652 /* PBXContainerItemProxy */ = {
			isa = PBXContainerItemProxy;
			containerPortal = 04B8B25526886FB400A4ACBF /* Project object */;
			proxyType = 1;
			remoteGlobalIDString = 04B8B25C26886FB400A4ACBF;
			remoteInfo = Networking;
		};
/* End PBXContainerItemProxy section */

/* Begin PBXCopyFilesBuildPhase section */
		043AA9CD268CE48400F29761 /* Embed Frameworks */ = {
			isa = PBXCopyFilesBuildPhase;
			buildActionMask = 2147483647;
			dstPath = "";
			dstSubfolderSpec = 10;
			files = (
				043AA9CC268CE48400F29761 /* Alamofire.framework in Embed Frameworks */,
			);
			name = "Embed Frameworks";
			runOnlyForDeploymentPostprocessing = 0;
		};
/* End PBXCopyFilesBuildPhase section */

/* Begin PBXFileReference section */
		042E8DC82691AF4F001B9B45 /* ImageManager.swift */ = {isa = PBXFileReference; lastKnownFileType = sourcecode.swift; path = ImageManager.swift; sourceTree = "<group>"; };
		043AA9CA268CE48400F29761 /* Alamofire.framework */ = {isa = PBXFileReference; lastKnownFileType = wrapper.framework; name = Alamofire.framework; path = "Carthage/Build/Alamofire.xcframework/ios-arm64_i386_x86_64-simulator/Alamofire.framework"; sourceTree = "<group>"; };
		0473FEA8268AD7F400A8D652 /* NetworkingTests.xctest */ = {isa = PBXFileReference; explicitFileType = wrapper.cfbundle; includeInIndex = 0; path = NetworkingTests.xctest; sourceTree = BUILT_PRODUCTS_DIR; };
		0473FEAA268AD7F400A8D652 /* NetworkingTests.swift */ = {isa = PBXFileReference; lastKnownFileType = sourcecode.swift; path = NetworkingTests.swift; sourceTree = "<group>"; };
		0473FEAC268AD7F400A8D652 /* Info.plist */ = {isa = PBXFileReference; lastKnownFileType = text.plist.xml; path = Info.plist; sourceTree = "<group>"; };
		04B8B25D26886FB400A4ACBF /* Networking.app */ = {isa = PBXFileReference; explicitFileType = wrapper.application; includeInIndex = 0; path = Networking.app; sourceTree = BUILT_PRODUCTS_DIR; };
		04B8B26026886FB400A4ACBF /* AppDelegate.swift */ = {isa = PBXFileReference; lastKnownFileType = sourcecode.swift; path = AppDelegate.swift; sourceTree = "<group>"; };
		04B8B26226886FB400A4ACBF /* SceneDelegate.swift */ = {isa = PBXFileReference; lastKnownFileType = sourcecode.swift; path = SceneDelegate.swift; sourceTree = "<group>"; };
		04B8B26426886FB400A4ACBF /* FoodTimeViewController.swift */ = {isa = PBXFileReference; lastKnownFileType = sourcecode.swift; path = FoodTimeViewController.swift; sourceTree = "<group>"; };
		04B8B26726886FB400A4ACBF /* Base */ = {isa = PBXFileReference; lastKnownFileType = file.storyboard; name = Base; path = Base.lproj/Main.storyboard; sourceTree = "<group>"; };
		04B8B26926886FB800A4ACBF /* Assets.xcassets */ = {isa = PBXFileReference; lastKnownFileType = folder.assetcatalog; path = Assets.xcassets; sourceTree = "<group>"; };
		04B8B26C26886FB800A4ACBF /* Base */ = {isa = PBXFileReference; lastKnownFileType = file.storyboard; name = Base; path = Base.lproj/LaunchScreen.storyboard; sourceTree = "<group>"; };
		04B8B26E26886FB800A4ACBF /* Info.plist */ = {isa = PBXFileReference; lastKnownFileType = text.plist.xml; path = Info.plist; sourceTree = "<group>"; };
		04B8B2742688760F00A4ACBF /* FoodCell.swift */ = {isa = PBXFileReference; lastKnownFileType = sourcecode.swift; path = FoodCell.swift; sourceTree = "<group>"; };
		04B8B27626887AE800A4ACBF /* FoodModel.swift */ = {isa = PBXFileReference; lastKnownFileType = sourcecode.swift; path = FoodModel.swift; sourceTree = "<group>"; };
		04B8B27A2688886800A4ACBF /* RecipeCell.swift */ = {isa = PBXFileReference; lastKnownFileType = sourcecode.swift; path = RecipeCell.swift; sourceTree = "<group>"; };
		04B8B27C268888CD00A4ACBF /* RecipeCollectionViewController.swift */ = {isa = PBXFileReference; lastKnownFileType = sourcecode.swift; path = RecipeCollectionViewController.swift; sourceTree = "<group>"; };
		04B8B27E26888B8600A4ACBF /* NetworkingManager.swift */ = {isa = PBXFileReference; lastKnownFileType = sourcecode.swift; path = NetworkingManager.swift; sourceTree = "<group>"; };
		04CF101E268B387200CE738F /* IngredientTableViewController.swift */ = {isa = PBXFileReference; lastKnownFileType = sourcecode.swift; path = IngredientTableViewController.swift; sourceTree = "<group>"; };
		04CF1020268B389200CE738F /* IngredientCell.swift */ = {isa = PBXFileReference; lastKnownFileType = sourcecode.swift; path = IngredientCell.swift; sourceTree = "<group>"; };
		04EAE7682688D21A00A75065 /* FoodTimeModel.swift */ = {isa = PBXFileReference; lastKnownFileType = sourcecode.swift; path = FoodTimeModel.swift; sourceTree = "<group>"; };
/* End PBXFileReference section */

/* Begin PBXFrameworksBuildPhase section */
		0473FEA5268AD7F400A8D652 /* Frameworks */ = {
			isa = PBXFrameworksBuildPhase;
			buildActionMask = 2147483647;
			files = (
			);
			runOnlyForDeploymentPostprocessing = 0;
		};
		04B8B25A26886FB400A4ACBF /* Frameworks */ = {
			isa = PBXFrameworksBuildPhase;
			buildActionMask = 2147483647;
			files = (
				043AA9CB268CE48400F29761 /* Alamofire.framework in Frameworks */,
			);
			runOnlyForDeploymentPostprocessing = 0;
		};
/* End PBXFrameworksBuildPhase section */

/* Begin PBXGroup section */
		0473FEA9268AD7F400A8D652 /* NetworkingTests */ = {
			isa = PBXGroup;
			children = (
				0473FEAA268AD7F400A8D652 /* NetworkingTests.swift */,
				0473FEAC268AD7F400A8D652 /* Info.plist */,
			);
			path = NetworkingTests;
			sourceTree = "<group>";
		};
		048745C0268EEE0800D60D5E /* Service */ = {
			isa = PBXGroup;
			children = (
			);
			path = Service;
			sourceTree = "<group>";
		};
		04B8B25426886FB400A4ACBF = {
			isa = PBXGroup;
			children = (
				04B8B25F26886FB400A4ACBF /* Networking */,
				0473FEA9268AD7F400A8D652 /* NetworkingTests */,
				04B8B25E26886FB400A4ACBF /* Products */,
				04CF1022268CAFC900CE738F /* Frameworks */,
			);
			sourceTree = "<group>";
		};
		04B8B25E26886FB400A4ACBF /* Products */ = {
			isa = PBXGroup;
			children = (
				04B8B25D26886FB400A4ACBF /* Networking.app */,
				0473FEA8268AD7F400A8D652 /* NetworkingTests.xctest */,
			);
			name = Products;
			sourceTree = "<group>";
		};
		04B8B25F26886FB400A4ACBF /* Networking */ = {
			isa = PBXGroup;
			children = (
				048745C0268EEE0800D60D5E /* Service */,
				04B8B27E26888B8600A4ACBF /* NetworkingManager.swift */,
				042E8DC82691AF4F001B9B45 /* ImageManager.swift */,
				04EAE76B2688D23300A75065 /* Models */,
				04EAE76A2688D22600A75065 /* ViewControllers */,
				04EAE76C2688D2A300A75065 /* Views */,
				04EAE76D2688D2B000A75065 /* Storyboards */,
				04EAE76E2688D2C600A75065 /* Supporting files */,
			);
			path = Networking;
			sourceTree = "<group>";
		};
		04CF1022268CAFC900CE738F /* Frameworks */ = {
			isa = PBXGroup;
			children = (
				043AA9CA268CE48400F29761 /* Alamofire.framework */,
			);
			name = Frameworks;
			sourceTree = "<group>";
		};
		04EAE76A2688D22600A75065 /* ViewControllers */ = {
			isa = PBXGroup;
			children = (
				04B8B26426886FB400A4ACBF /* FoodTimeViewController.swift */,
				04B8B27C268888CD00A4ACBF /* RecipeCollectionViewController.swift */,
				04CF101E268B387200CE738F /* IngredientTableViewController.swift */,
			);
			path = ViewControllers;
			sourceTree = "<group>";
		};
		04EAE76B2688D23300A75065 /* Models */ = {
			isa = PBXGroup;
			children = (
				04EAE7682688D21A00A75065 /* FoodTimeModel.swift */,
				04B8B27626887AE800A4ACBF /* FoodModel.swift */,
			);
			path = Models;
			sourceTree = "<group>";
		};
		04EAE76C2688D2A300A75065 /* Views */ = {
			isa = PBXGroup;
			children = (
				04B8B2742688760F00A4ACBF /* FoodCell.swift */,
				04B8B27A2688886800A4ACBF /* RecipeCell.swift */,
				04CF1020268B389200CE738F /* IngredientCell.swift */,
			);
			path = Views;
			sourceTree = "<group>";
		};
		04EAE76D2688D2B000A75065 /* Storyboards */ = {
			isa = PBXGroup;
			children = (
				04B8B26626886FB400A4ACBF /* Main.storyboard */,
				04B8B26B26886FB800A4ACBF /* LaunchScreen.storyboard */,
			);
			path = Storyboards;
			sourceTree = "<group>";
		};
		04EAE76E2688D2C600A75065 /* Supporting files */ = {
			isa = PBXGroup;
			children = (
				04B8B26026886FB400A4ACBF /* AppDelegate.swift */,
				04B8B26226886FB400A4ACBF /* SceneDelegate.swift */,
				04B8B26926886FB800A4ACBF /* Assets.xcassets */,
				04B8B26E26886FB800A4ACBF /* Info.plist */,
			);
			path = "Supporting files";
			sourceTree = "<group>";
		};
/* End PBXGroup section */

/* Begin PBXNativeTarget section */
		0473FEA7268AD7F400A8D652 /* NetworkingTests */ = {
			isa = PBXNativeTarget;
			buildConfigurationList = 0473FEB1268AD7F400A8D652 /* Build configuration list for PBXNativeTarget "NetworkingTests" */;
			buildPhases = (
				0473FEA4268AD7F400A8D652 /* Sources */,
				0473FEA5268AD7F400A8D652 /* Frameworks */,
				0473FEA6268AD7F400A8D652 /* Resources */,
			);
			buildRules = (
			);
			dependencies = (
				0473FEAE268AD7F400A8D652 /* PBXTargetDependency */,
			);
			name = NetworkingTests;
			productName = NetworkingTests;
			productReference = 0473FEA8268AD7F400A8D652 /* NetworkingTests.xctest */;
			productType = "com.apple.product-type.bundle.unit-test";
		};
		04B8B25C26886FB400A4ACBF /* Networking */ = {
			isa = PBXNativeTarget;
			buildConfigurationList = 04B8B27126886FB800A4ACBF /* Build configuration list for PBXNativeTarget "Networking" */;
			buildPhases = (
				04B8B25926886FB400A4ACBF /* Sources */,
				04B8B25A26886FB400A4ACBF /* Frameworks */,
				04B8B25B26886FB400A4ACBF /* Resources */,
				043AA9CD268CE48400F29761 /* Embed Frameworks */,
			);
			buildRules = (
			);
			dependencies = (
			);
			name = Networking;
			productName = Networking;
			productReference = 04B8B25D26886FB400A4ACBF /* Networking.app */;
			productType = "com.apple.product-type.application";
		};
/* End PBXNativeTarget section */

/* Begin PBXProject section */
		04B8B25526886FB400A4ACBF /* Project object */ = {
			isa = PBXProject;
			attributes = {
				LastSwiftUpdateCheck = 1250;
				LastUpgradeCheck = 1250;
				TargetAttributes = {
					0473FEA7268AD7F400A8D652 = {
						CreatedOnToolsVersion = 12.5.1;
						TestTargetID = 04B8B25C26886FB400A4ACBF;
					};
					04B8B25C26886FB400A4ACBF = {
						CreatedOnToolsVersion = 12.5.1;
					};
				};
			};
			buildConfigurationList = 04B8B25826886FB400A4ACBF /* Build configuration list for PBXProject "Networking" */;
			compatibilityVersion = "Xcode 9.3";
			developmentRegion = en;
			hasScannedForEncodings = 0;
			knownRegions = (
				en,
				Base,
			);
			mainGroup = 04B8B25426886FB400A4ACBF;
			productRefGroup = 04B8B25E26886FB400A4ACBF /* Products */;
			projectDirPath = "";
			projectRoot = "";
			targets = (
				04B8B25C26886FB400A4ACBF /* Networking */,
				0473FEA7268AD7F400A8D652 /* NetworkingTests */,
			);
		};
/* End PBXProject section */

/* Begin PBXResourcesBuildPhase section */
		0473FEA6268AD7F400A8D652 /* Resources */ = {
			isa = PBXResourcesBuildPhase;
			buildActionMask = 2147483647;
			files = (
			);
			runOnlyForDeploymentPostprocessing = 0;
		};
		04B8B25B26886FB400A4ACBF /* Resources */ = {
			isa = PBXResourcesBuildPhase;
			buildActionMask = 2147483647;
			files = (
				04B8B26D26886FB800A4ACBF /* LaunchScreen.storyboard in Resources */,
				04B8B26A26886FB800A4ACBF /* Assets.xcassets in Resources */,
				04B8B26826886FB400A4ACBF /* Main.storyboard in Resources */,
			);
			runOnlyForDeploymentPostprocessing = 0;
		};
/* End PBXResourcesBuildPhase section */

/* Begin PBXSourcesBuildPhase section */
		0473FEA4268AD7F400A8D652 /* Sources */ = {
			isa = PBXSourcesBuildPhase;
			buildActionMask = 2147483647;
			files = (
				0473FEAB268AD7F400A8D652 /* NetworkingTests.swift in Sources */,
			);
			runOnlyForDeploymentPostprocessing = 0;
		};
		04B8B25926886FB400A4ACBF /* Sources */ = {
			isa = PBXSourcesBuildPhase;
			buildActionMask = 2147483647;
			files = (
				04B8B27D268888CD00A4ACBF /* RecipeCollectionViewController.swift in Sources */,
				04B8B27726887AE800A4ACBF /* FoodModel.swift in Sources */,
				04B8B26526886FB400A4ACBF /* FoodTimeViewController.swift in Sources */,
				042E8DC92691AF4F001B9B45 /* ImageManager.swift in Sources */,
				04B8B27F26888B8600A4ACBF /* NetworkingManager.swift in Sources */,
				04B8B27B2688886800A4ACBF /* RecipeCell.swift in Sources */,
				04EAE7692688D21A00A75065 /* FoodTimeModel.swift in Sources */,
				04CF1021268B389200CE738F /* IngredientCell.swift in Sources */,
				04CF101F268B387200CE738F /* IngredientTableViewController.swift in Sources */,
				04B8B2752688760F00A4ACBF /* FoodCell.swift in Sources */,
				04B8B26126886FB400A4ACBF /* AppDelegate.swift in Sources */,
				04B8B26326886FB400A4ACBF /* SceneDelegate.swift in Sources */,
			);
			runOnlyForDeploymentPostprocessing = 0;
		};
/* End PBXSourcesBuildPhase section */

/* Begin PBXTargetDependency section */
		0473FEAE268AD7F400A8D652 /* PBXTargetDependency */ = {
			isa = PBXTargetDependency;
			target = 04B8B25C26886FB400A4ACBF /* Networking */;
			targetProxy = 0473FEAD268AD7F400A8D652 /* PBXContainerItemProxy */;
		};
/* End PBXTargetDependency section */

/* Begin PBXVariantGroup section */
		04B8B26626886FB400A4ACBF /* Main.storyboard */ = {
			isa = PBXVariantGroup;
			children = (
				04B8B26726886FB400A4ACBF /* Base */,
			);
			name = Main.storyboard;
			sourceTree = "<group>";
		};
		04B8B26B26886FB800A4ACBF /* LaunchScreen.storyboard */ = {
			isa = PBXVariantGroup;
			children = (
				04B8B26C26886FB800A4ACBF /* Base */,
			);
			name = LaunchScreen.storyboard;
			sourceTree = "<group>";
		};
/* End PBXVariantGroup section */

/* Begin XCBuildConfiguration section */
		0473FEAF268AD7F400A8D652 /* Debug */ = {
			isa = XCBuildConfiguration;
			buildSettings = {
				BUNDLE_LOADER = "$(TEST_HOST)";
				CODE_SIGN_STYLE = Automatic;
				INFOPLIST_FILE = NetworkingTests/Info.plist;
				LD_RUNPATH_SEARCH_PATHS = (
					"$(inherited)",
					"@executable_path/Frameworks",
					"@loader_path/Frameworks",
				);
				PRODUCT_BUNDLE_IDENTIFIER = ilabrosimov.NetworkingTests;
				PRODUCT_NAME = "$(TARGET_NAME)";
				SWIFT_VERSION = 5.0;
				TARGETED_DEVICE_FAMILY = "1,2";
				TEST_HOST = "$(BUILT_PRODUCTS_DIR)/Networking.app/Networking";
			};
			name = Debug;
		};
		0473FEB0268AD7F400A8D652 /* Release */ = {
			isa = XCBuildConfiguration;
			buildSettings = {
				BUNDLE_LOADER = "$(TEST_HOST)";
				CODE_SIGN_STYLE = Automatic;
				INFOPLIST_FILE = NetworkingTests/Info.plist;
				LD_RUNPATH_SEARCH_PATHS = (
					"$(inherited)",
					"@executable_path/Frameworks",
					"@loader_path/Frameworks",
				);
				PRODUCT_BUNDLE_IDENTIFIER = ilabrosimov.NetworkingTests;
				PRODUCT_NAME = "$(TARGET_NAME)";
				SWIFT_VERSION = 5.0;
				TARGETED_DEVICE_FAMILY = "1,2";
				TEST_HOST = "$(BUILT_PRODUCTS_DIR)/Networking.app/Networking";
			};
			name = Release;
		};
		04B8B26F26886FB800A4ACBF /* Debug */ = {
			isa = XCBuildConfiguration;
			buildSettings = {
				ALWAYS_SEARCH_USER_PATHS = NO;
				CLANG_ANALYZER_NONNULL = YES;
				CLANG_ANALYZER_NUMBER_OBJECT_CONVERSION = YES_AGGRESSIVE;
				CLANG_CXX_LANGUAGE_STANDARD = "gnu++14";
				CLANG_CXX_LIBRARY = "libc++";
				CLANG_ENABLE_MODULES = YES;
				CLANG_ENABLE_OBJC_ARC = YES;
				CLANG_ENABLE_OBJC_WEAK = YES;
				CLANG_WARN_BLOCK_CAPTURE_AUTORELEASING = YES;
				CLANG_WARN_BOOL_CONVERSION = YES;
				CLANG_WARN_COMMA = YES;
				CLANG_WARN_CONSTANT_CONVERSION = YES;
				CLANG_WARN_DEPRECATED_OBJC_IMPLEMENTATIONS = YES;
				CLANG_WARN_DIRECT_OBJC_ISA_USAGE = YES_ERROR;
				CLANG_WARN_DOCUMENTATION_COMMENTS = YES;
				CLANG_WARN_EMPTY_BODY = YES;
				CLANG_WARN_ENUM_CONVERSION = YES;
				CLANG_WARN_INFINITE_RECURSION = YES;
				CLANG_WARN_INT_CONVERSION = YES;
				CLANG_WARN_NON_LITERAL_NULL_CONVERSION = YES;
				CLANG_WARN_OBJC_IMPLICIT_RETAIN_SELF = YES;
				CLANG_WARN_OBJC_LITERAL_CONVERSION = YES;
				CLANG_WARN_OBJC_ROOT_CLASS = YES_ERROR;
				CLANG_WARN_QUOTED_INCLUDE_IN_FRAMEWORK_HEADER = YES;
				CLANG_WARN_RANGE_LOOP_ANALYSIS = YES;
				CLANG_WARN_STRICT_PROTOTYPES = YES;
				CLANG_WARN_SUSPICIOUS_MOVE = YES;
				CLANG_WARN_UNGUARDED_AVAILABILITY = YES_AGGRESSIVE;
				CLANG_WARN_UNREACHABLE_CODE = YES;
				CLANG_WARN__DUPLICATE_METHOD_MATCH = YES;
				COPY_PHASE_STRIP = NO;
				DEBUG_INFORMATION_FORMAT = dwarf;
				ENABLE_STRICT_OBJC_MSGSEND = YES;
				ENABLE_TESTABILITY = YES;
				GCC_C_LANGUAGE_STANDARD = gnu11;
				GCC_DYNAMIC_NO_PIC = NO;
				GCC_NO_COMMON_BLOCKS = YES;
				GCC_OPTIMIZATION_LEVEL = 0;
				GCC_PREPROCESSOR_DEFINITIONS = (
					"DEBUG=1",
					"$(inherited)",
				);
				GCC_WARN_64_TO_32_BIT_CONVERSION = YES;
				GCC_WARN_ABOUT_RETURN_TYPE = YES_ERROR;
				GCC_WARN_UNDECLARED_SELECTOR = YES;
				GCC_WARN_UNINITIALIZED_AUTOS = YES_AGGRESSIVE;
				GCC_WARN_UNUSED_FUNCTION = YES;
				GCC_WARN_UNUSED_VARIABLE = YES;
				IPHONEOS_DEPLOYMENT_TARGET = 13.0;
				MTL_ENABLE_DEBUG_INFO = INCLUDE_SOURCE;
				MTL_FAST_MATH = YES;
				ONLY_ACTIVE_ARCH = YES;
				SDKROOT = iphoneos;
				SWIFT_ACTIVE_COMPILATION_CONDITIONS = DEBUG;
				SWIFT_OPTIMIZATION_LEVEL = "-Onone";
			};
			name = Debug;
		};
		04B8B27026886FB800A4ACBF /* Release */ = {
			isa = XCBuildConfiguration;
			buildSettings = {
				ALWAYS_SEARCH_USER_PATHS = NO;
				CLANG_ANALYZER_NONNULL = YES;
				CLANG_ANALYZER_NUMBER_OBJECT_CONVERSION = YES_AGGRESSIVE;
				CLANG_CXX_LANGUAGE_STANDARD = "gnu++14";
				CLANG_CXX_LIBRARY = "libc++";
				CLANG_ENABLE_MODULES = YES;
				CLANG_ENABLE_OBJC_ARC = YES;
				CLANG_ENABLE_OBJC_WEAK = YES;
				CLANG_WARN_BLOCK_CAPTURE_AUTORELEASING = YES;
				CLANG_WARN_BOOL_CONVERSION = YES;
				CLANG_WARN_COMMA = YES;
				CLANG_WARN_CONSTANT_CONVERSION = YES;
				CLANG_WARN_DEPRECATED_OBJC_IMPLEMENTATIONS = YES;
				CLANG_WARN_DIRECT_OBJC_ISA_USAGE = YES_ERROR;
				CLANG_WARN_DOCUMENTATION_COMMENTS = YES;
				CLANG_WARN_EMPTY_BODY = YES;
				CLANG_WARN_ENUM_CONVERSION = YES;
				CLANG_WARN_INFINITE_RECURSION = YES;
				CLANG_WARN_INT_CONVERSION = YES;
				CLANG_WARN_NON_LITERAL_NULL_CONVERSION = YES;
				CLANG_WARN_OBJC_IMPLICIT_RETAIN_SELF = YES;
				CLANG_WARN_OBJC_LITERAL_CONVERSION = YES;
				CLANG_WARN_OBJC_ROOT_CLASS = YES_ERROR;
				CLANG_WARN_QUOTED_INCLUDE_IN_FRAMEWORK_HEADER = YES;
				CLANG_WARN_RANGE_LOOP_ANALYSIS = YES;
				CLANG_WARN_STRICT_PROTOTYPES = YES;
				CLANG_WARN_SUSPICIOUS_MOVE = YES;
				CLANG_WARN_UNGUARDED_AVAILABILITY = YES_AGGRESSIVE;
				CLANG_WARN_UNREACHABLE_CODE = YES;
				CLANG_WARN__DUPLICATE_METHOD_MATCH = YES;
				COPY_PHASE_STRIP = NO;
				DEBUG_INFORMATION_FORMAT = "dwarf-with-dsym";
				ENABLE_NS_ASSERTIONS = NO;
				ENABLE_STRICT_OBJC_MSGSEND = YES;
				GCC_C_LANGUAGE_STANDARD = gnu11;
				GCC_NO_COMMON_BLOCKS = YES;
				GCC_WARN_64_TO_32_BIT_CONVERSION = YES;
				GCC_WARN_ABOUT_RETURN_TYPE = YES_ERROR;
				GCC_WARN_UNDECLARED_SELECTOR = YES;
				GCC_WARN_UNINITIALIZED_AUTOS = YES_AGGRESSIVE;
				GCC_WARN_UNUSED_FUNCTION = YES;
				GCC_WARN_UNUSED_VARIABLE = YES;
				IPHONEOS_DEPLOYMENT_TARGET = 13.0;
				MTL_ENABLE_DEBUG_INFO = NO;
				MTL_FAST_MATH = YES;
				SDKROOT = iphoneos;
				SWIFT_COMPILATION_MODE = wholemodule;
				SWIFT_OPTIMIZATION_LEVEL = "-O";
				VALIDATE_PRODUCT = YES;
			};
			name = Release;
		};
		04B8B27226886FB800A4ACBF /* Debug */ = {
			isa = XCBuildConfiguration;
			buildSettings = {
				ASSETCATALOG_COMPILER_APPICON_NAME = AppIcon;
				ASSETCATALOG_COMPILER_GLOBAL_ACCENT_COLOR_NAME = AccentColor;
				CODE_SIGN_STYLE = Automatic;
				DEVELOPMENT_TEAM = 829WZFB9S5;
				FRAMEWORK_SEARCH_PATHS = (
					"$(inherited)",
					"$(PROJECT_DIR)/Carthage/Build/iOS",
					"$(PROJECT_DIR)/Carthage/Build/Alamofire.xcframework/ios-arm64_i386_x86_64-simulator",
				);
				INFOPLIST_FILE = "Networking/Supporting files/Info.plist";
				LD_RUNPATH_SEARCH_PATHS = (
					"$(inherited)",
					"@executable_path/Frameworks",
				);
				PRODUCT_BUNDLE_IDENTIFIER = ilabrosimov.Networking;
				PRODUCT_NAME = "$(TARGET_NAME)";
				SWIFT_VERSION = 5.0;
				TARGETED_DEVICE_FAMILY = "1,2";
			};
			name = Debug;
		};
		04B8B27326886FB800A4ACBF /* Release */ = {
			isa = XCBuildConfiguration;
			buildSettings = {
				ASSETCATALOG_COMPILER_APPICON_NAME = AppIcon;
				ASSETCATALOG_COMPILER_GLOBAL_ACCENT_COLOR_NAME = AccentColor;
				CODE_SIGN_STYLE = Automatic;
				DEVELOPMENT_TEAM = 829WZFB9S5;
				FRAMEWORK_SEARCH_PATHS = (
					"$(inherited)",
					"$(PROJECT_DIR)/Carthage/Build/iOS",
					"$(PROJECT_DIR)/Carthage/Build/Alamofire.xcframework/ios-arm64_i386_x86_64-simulator",
				);
				INFOPLIST_FILE = "Networking/Supporting files/Info.plist";
				LD_RUNPATH_SEARCH_PATHS = (
					"$(inherited)",
					"@executable_path/Frameworks",
				);
				PRODUCT_BUNDLE_IDENTIFIER = ilabrosimov.Networking;
				PRODUCT_NAME = "$(TARGET_NAME)";
				SWIFT_VERSION = 5.0;
				TARGETED_DEVICE_FAMILY = "1,2";
			};
			name = Release;
		};
/* End XCBuildConfiguration section */

/* Begin XCConfigurationList section */
		0473FEB1268AD7F400A8D652 /* Build configuration list for PBXNativeTarget "NetworkingTests" */ = {
			isa = XCConfigurationList;
			buildConfigurations = (
				0473FEAF268AD7F400A8D652 /* Debug */,
				0473FEB0268AD7F400A8D652 /* Release */,
			);
			defaultConfigurationIsVisible = 0;
			defaultConfigurationName = Release;
		};
		04B8B25826886FB400A4ACBF /* Build configuration list for PBXProject "Networking" */ = {
			isa = XCConfigurationList;
			buildConfigurations = (
				04B8B26F26886FB800A4ACBF /* Debug */,
				04B8B27026886FB800A4ACBF /* Release */,
			);
			defaultConfigurationIsVisible = 0;
			defaultConfigurationName = Release;
		};
		04B8B27126886FB800A4ACBF /* Build configuration list for PBXNativeTarget "Networking" */ = {
			isa = XCConfigurationList;
			buildConfigurations = (
				04B8B27226886FB800A4ACBF /* Debug */,
				04B8B27326886FB800A4ACBF /* Release */,
			);
			defaultConfigurationIsVisible = 0;
			defaultConfigurationName = Release;
		};
/* End XCConfigurationList section */
	};
	rootObject = 04B8B25526886FB400A4ACBF /* Project object */;
}
